{
  "nodes": {
    "agenix": {
      "inputs": {
        "darwin": "darwin",
        "home-manager": "home-manager",
        "nixpkgs": "nixpkgs",
        "systems": "systems"
      },
      "locked": {
        "lastModified": 1754433428,
        "narHash": "sha256-NA/FT2hVhKDftbHSwVnoRTFhes62+7dxZbxj5Gxvghs=",
        "owner": "ryantm",
        "repo": "agenix",
        "rev": "9edb1787864c4f59ae5074ad498b6272b3ec308d",
        "type": "github"
      },
      "original": {
        "owner": "ryantm",
        "repo": "agenix",
        "type": "github"
      }
    },
    "brew-src": {
      "flake": false,
      "locked": {
        "lastModified": 1753461463,
        "narHash": "sha256-kGc7pRH0diLzKmOHsEFA8sZ9NJpgT+tqxAMsuqNd5Po=",
        "owner": "Homebrew",
        "repo": "brew",
        "rev": "4d14be89e99a45181c18e96a5f19a5b43343cc0f",
        "type": "github"
      },
      "original": {
        "owner": "Homebrew",
        "ref": "4.5.13",
        "repo": "brew",
        "type": "github"
      }
    },
    "darwin": {
      "inputs": {
        "nixpkgs": [
          "agenix",
          "nixpkgs"
        ]
      },
      "locked": {
        "lastModified": 1744478979,
        "narHash": "sha256-dyN+teG9G82G+m+PX/aSAagkC+vUv0SgUw3XkPhQodQ=",
        "owner": "lnl7",
        "repo": "nix-darwin",
        "rev": "43975d782b418ebf4969e9ccba82466728c2851b",
        "type": "github"
      },
      "original": {
        "owner": "lnl7",
        "ref": "master",
        "repo": "nix-darwin",
        "type": "github"
      }
    },
    "darwin-home-manager-stable": {
      "inputs": {
        "nixpkgs": [
          "darwin-stable"
        ]
      },
      "locked": {
        "lastModified": 1753592768,
        "narHash": "sha256-oV695RvbAE4+R9pcsT9shmp6zE/+IZe6evHWX63f2Qg=",
        "owner": "nix-community",
        "repo": "home-manager",
        "rev": "fc3add429f21450359369af74c2375cb34a2d204",
        "type": "github"
      },
      "original": {
        "owner": "nix-community",
        "ref": "release-25.05",
        "repo": "home-manager",
        "type": "github"
      }
    },
    "darwin-home-manager-unstable": {
      "inputs": {
        "nixpkgs": [
          "darwin-unstable"
        ]
      },
      "locked": {
        "lastModified": 1755121891,
        "narHash": "sha256-UtYkukiGnPRJ5rpd4W/wFVrLMh8fqtNkqHTPgHEtrqU=",
        "owner": "nix-community",
        "repo": "home-manager",
        "rev": "279ca5addcdcfa31ac852b3ecb39fc372684f426",
        "type": "github"
      },
      "original": {
        "owner": "nix-community",
        "ref": "master",
        "repo": "home-manager",
        "type": "github"
      }
    },
    "darwin-stable": {
      "locked": {
        "lastModified": 1755095189,
        "narHash": "sha256-uA6b1/4v41w0zveSvE6Km4Dx7DTrBQXyWquoBvd59g0=",
        "owner": "NixOS",
        "repo": "nixpkgs",
        "rev": "69ccbf419a4e1a7cf22c007769e0f7036619a096",
        "type": "github"
      },
      "original": {
        "owner": "NixOS",
        "ref": "nixpkgs-25.05-darwin",
        "repo": "nixpkgs",
        "type": "github"
      }
    },
    "darwin-unstable": {
      "locked": {
        "lastModified": 1755113249,
        "narHash": "sha256-/bIVS2iP5mixEQWsaiiJ7EGLtk5Id9OehWbmTbzN6kE=",
        "owner": "NixOS",
        "repo": "nixpkgs",
        "rev": "e9e0d35e5f735bf3d1e96815272f46fe7083232c",
        "type": "github"
      },
      "original": {
        "owner": "NixOS",
        "ref": "nixpkgs-unstable",
        "repo": "nixpkgs",
        "type": "github"
      }
    },
    "home-manager": {
      "inputs": {
        "nixpkgs": [
          "agenix",
          "nixpkgs"
        ]
      },
      "locked": {
        "lastModified": 1745494811,
        "narHash": "sha256-YZCh2o9Ua1n9uCvrvi5pRxtuVNml8X2a03qIFfRKpFs=",
        "owner": "nix-community",
        "repo": "home-manager",
        "rev": "abfad3d2958c9e6300a883bd443512c55dfeb1be",
        "type": "github"
      },
      "original": {
        "owner": "nix-community",
        "repo": "home-manager",
        "type": "github"
      }
    },
    "home-manager-stable": {
      "inputs": {
        "nixpkgs": [
          "nixos-stable"
        ]
      },
      "locked": {
        "lastModified": 1753592768,
        "narHash": "sha256-oV695RvbAE4+R9pcsT9shmp6zE/+IZe6evHWX63f2Qg=",
        "owner": "nix-community",
        "repo": "home-manager",
        "rev": "fc3add429f21450359369af74c2375cb34a2d204",
        "type": "github"
      },
      "original": {
        "owner": "nix-community",
        "ref": "release-25.05",
        "repo": "home-manager",
        "type": "github"
      }
    },
    "home-manager-unstable": {
      "inputs": {
        "nixpkgs": [
          "nixos-unstable"
        ]
      },
      "locked": {
        "lastModified": 1755121891,
        "narHash": "sha256-UtYkukiGnPRJ5rpd4W/wFVrLMh8fqtNkqHTPgHEtrqU=",
        "owner": "nix-community",
        "repo": "home-manager",
        "rev": "279ca5addcdcfa31ac852b3ecb39fc372684f426",
        "type": "github"
      },
      "original": {
        "owner": "nix-community",
        "ref": "master",
        "repo": "home-manager",
        "type": "github"
      }
    },
    "homebrew-bundle": {
      "flake": false,
      "locked": {
        "lastModified": 1745335228,
        "narHash": "sha256-TIKR2UgtyUmHLNZp255/vLs+1I10hXe+sciMEbAGFwE=",
        "owner": "homebrew",
        "repo": "homebrew-bundle",
        "rev": "a3265c84b232e13048ecbf6fc18a2eedfadbeb08",
        "type": "github"
      },
      "original": {
        "owner": "homebrew",
        "repo": "homebrew-bundle",
        "type": "github"
      }
    },
    "nix-darwin": {
      "inputs": {
        "nixpkgs": "nixpkgs_2"
      },
      "locked": {
        "lastModified": 1751313918,
        "narHash": "sha256-HsJM3XLa43WpG+665aGEh8iS8AfEwOIQWk3Mke3e7nk=",
        "owner": "LnL7",
        "repo": "nix-darwin",
        "rev": "e04a388232d9a6ba56967ce5b53a8a6f713cdfcf",
        "type": "github"
      },
      "original": {
        "owner": "LnL7",
        "ref": "master",
        "repo": "nix-darwin",
        "type": "github"
      }
    },
    "nix-homebrew": {
      "inputs": {
        "brew-src": "brew-src"
      },
      "locked": {
        "lastModified": 1754250993,
        "narHash": "sha256-MEin+qoQKtFC1b0f4tnQ+Z82BQWSCgh6Ef7rpmH9gig=",
        "owner": "zhaofengli-wip",
        "repo": "nix-homebrew",
        "rev": "314d057294e79bc2596972126b84c6f9f144499a",
        "type": "github"
      },
      "original": {
        "owner": "zhaofengli-wip",
        "repo": "nix-homebrew",
        "type": "github"
      }
    },
    "nixos-hardware": {
      "locked": {
        "lastModified": 1754564048,
        "narHash": "sha256-dz303vGuzWjzOPOaYkS9xSW+B93PSAJxvBd6CambXVA=",
        "owner": "NixOS",
        "repo": "nixos-hardware",
        "rev": "26ed7a0d4b8741fe1ef1ee6fa64453ca056ce113",
        "type": "github"
      },
      "original": {
        "owner": "NixOS",
        "ref": "master",
        "repo": "nixos-hardware",
        "type": "github"
      }
    },
    "nixos-stable": {
      "locked": {
        "lastModified": 1755078291,
        "narHash": "sha256-Hu/gTDoi4uy6TAKISPHQusSMy8U6xUbLSDjKBYdhDIY=",
        "owner": "NixOS",
        "repo": "nixpkgs",
        "rev": "3385ca0cd7e14c1a1eb80401fe011705ff012323",
        "type": "github"
      },
      "original": {
        "owner": "NixOS",
        "ref": "nixos-25.05",
        "repo": "nixpkgs",
        "type": "github"
      }
    },
    "nixos-unstable": {
      "locked": {
        "lastModified": 1755027561,
        "narHash": "sha256-IVft239Bc8p8Dtvf7UAACMG5P3ZV+3/aO28gXpGtMXI=",
        "owner": "NixOS",
        "repo": "nixpkgs",
        "rev": "005433b926e16227259a1843015b5b2b7f7d1fc3",
        "type": "github"
      },
      "original": {
        "owner": "NixOS",
        "ref": "nixos-unstable",
        "repo": "nixpkgs",
        "type": "github"
      }
    },
    "nixpkgs": {
      "locked": {
        "lastModified": 1754028485,
        "narHash": "sha256-IiiXB3BDTi6UqzAZcf2S797hWEPCRZOwyNThJIYhUfk=",
        "owner": "NixOS",
        "repo": "nixpkgs",
        "rev": "59e69648d345d6e8fef86158c555730fa12af9de",
        "type": "github"
      },
      "original": {
        "owner": "NixOS",
        "ref": "nixos-25.05",
        "repo": "nixpkgs",
        "type": "github"
      }
    },
    "nixpkgs_2": {
      "locked": {
        "lastModified": 1747728033,
        "narHash": "sha256-NnXFQu7g4LnvPIPfJmBuZF7LFy/fey2g2+LCzjQhTUk=",
        "owner": "NixOS",
        "repo": "nixpkgs",
        "rev": "2f9173bde1d3fbf1ad26ff6d52f952f9e9da52ea",
        "type": "github"
      },
      "original": {
        "owner": "NixOS",
        "ref": "nixpkgs-unstable",
        "repo": "nixpkgs",
        "type": "github"
      }
    },
    "root": {
      "inputs": {
        "agenix": "agenix",
        "darwin-home-manager-stable": "darwin-home-manager-stable",
        "darwin-home-manager-unstable": "darwin-home-manager-unstable",
        "darwin-stable": "darwin-stable",
        "darwin-unstable": "darwin-unstable",
        "home-manager-stable": "home-manager-stable",
        "home-manager-unstable": "home-manager-unstable",
        "homebrew-bundle": "homebrew-bundle",
        "nix-darwin": "nix-darwin",
        "nix-homebrew": "nix-homebrew",
        "nixos-hardware": "nixos-hardware",
        "nixos-stable": "nixos-stable",
        "nixos-unstable": "nixos-unstable",
        "ssh-keys": "ssh-keys"
      }
    },
    "ssh-keys": {
      "flake": false,
      "locked": {
        "narHash": "sha256-eeMsmSBVZxU8pixuVPko5hBdphz4/FqIppEL2dL0pAg=",
        "type": "file",
        "url": "https://github.com/jparris.keys"
      },
      "original": {
        "type": "file",
        "url": "https://github.com/jparris.keys"
      }
    },
    "systems": {
      "locked": {
        "lastModified": 1681028828,
        "narHash": "sha256-Vy1rq5AaRuLzOxct8nz4T6wlgyUR7zLU309k9mBC768=",
        "owner": "nix-systems",
        "repo": "default",
        "rev": "da67096a3b9bf56a91d16901293e51ba5b49a27e",
        "type": "github"
      },
      "original": {
        "owner": "nix-systems",
        "repo": "default",
        "type": "github"
      }
    }
  },
  "root": "root",
  "version": 7
}
