{
  "nodes": {
    "home-manager": {
      "inputs": {
        "nixpkgs": [
          "nixpkgs"
        ]
      },
      "locked": {
        "lastModified": 1720042825,
        "narHash": "sha256-A0vrUB6x82/jvf17qPCpxaM+ulJnD8YZwH9Ci0BsAzE=",
        "owner": "nix-community",
        "repo": "home-manager",
        "rev": "e1391fb22e18a36f57e6999c7a9f966dc80ac073",
        "type": "github"
      },
      "original": {
        "owner": "nix-community",
        "ref": "release-24.05",
        "repo": "home-manager",
        "type": "github"
      }
    },
    "nix-darwin": {
      "inputs": {
        "nixpkgs": [
          "nixpkgs"
        ]
      },
      "locked": {
        "lastModified": 1724299755,
        "narHash": "sha256-P5zMA17kD9tqiqMuNXwupkM7buM3gMNtoZ1VuJTRDE4=",
        "owner": "LnL7",
        "repo": "nix-darwin",
        "rev": "a8968d88e5a537b0491f68ce910749cd870bdbef",
        "type": "github"
      },
      "original": {
        "owner": "LnL7",
        "repo": "nix-darwin",
        "type": "github"
      }
    },
    "nixpkgs": {
      "locked": {
        "lastModified": 1725209296,
        "narHash": "sha256-AUs8NNhoOj22y6lChsEqk0vR4OqZN0BIhQuicmzLnp8=",
        "owner": "NixOS",
        "repo": "nixpkgs",
        "rev": "f26fa0a492dceb3548fdd7c6e17723e3dec8e17a",
        "type": "github"
      },
      "original": {
        "owner": "NixOS",
        "ref": "nixpkgs-24.05-darwin",
        "repo": "nixpkgs",
        "type": "github"
      }
    },
    "root": {
      "inputs": {
        "home-manager": "home-manager",
        "nix-darwin": "nix-darwin",
        "nixpkgs": "nixpkgs"
      }
    }
  },
  "root": "root",
  "version": 7
}
